// !$*UTF8*$!
{
	archiveVersion = 1;
	classes = {
	};
	objectVersion = 56;
	objects = {

/* Begin PBXBuildFile section */
		04EE69082A6BDF520095D50B /* AppDelegate.swift in Sources */ = {isa = PBXBuildFile; fileRef = 04EE69072A6BDF520095D50B /* AppDelegate.swift */; };
		04EE690A2A6BDF520095D50B /* SceneDelegate.swift in Sources */ = {isa = PBXBuildFile; fileRef = 04EE69092A6BDF520095D50B /* SceneDelegate.swift */; };
		04EE690C2A6BDF520095D50B /* ViewController.swift in Sources */ = {isa = PBXBuildFile; fileRef = 04EE690B2A6BDF520095D50B /* ViewController.swift */; };
		04EE690F2A6BDF520095D50B /* Main.storyboard in Resources */ = {isa = PBXBuildFile; fileRef = 04EE690D2A6BDF520095D50B /* Main.storyboard */; };
		04EE69112A6BDF550095D50B /* Assets.xcassets in Resources */ = {isa = PBXBuildFile; fileRef = 04EE69102A6BDF550095D50B /* Assets.xcassets */; };
		04EE69142A6BDF550095D50B /* LaunchScreen.storyboard in Resources */ = {isa = PBXBuildFile; fileRef = 04EE69122A6BDF550095D50B /* LaunchScreen.storyboard */; };
		04EE691F2A6BDF550095D50B /* StackTests.swift in Sources */ = {isa = PBXBuildFile; fileRef = 04EE691E2A6BDF550095D50B /* StackTests.swift */; };
		04EE69292A6BDF550095D50B /* StackUITests.swift in Sources */ = {isa = PBXBuildFile; fileRef = 04EE69282A6BDF550095D50B /* StackUITests.swift */; };
		04EE692B2A6BDF550095D50B /* StackUITestsLaunchTests.swift in Sources */ = {isa = PBXBuildFile; fileRef = 04EE692A2A6BDF550095D50B /* StackUITestsLaunchTests.swift */; };
/* End PBXBuildFile section */

/* Begin PBXContainerItemProxy section */
		04EE691B2A6BDF550095D50B /* PBXContainerItemProxy */ = {
			isa = PBXContainerItemProxy;
			containerPortal = 04EE68FC2A6BDF520095D50B /* Project object */;
			proxyType = 1;
			remoteGlobalIDString = 04EE69032A6BDF520095D50B;
			remoteInfo = Stack;
		};
		04EE69252A6BDF550095D50B /* PBXContainerItemProxy */ = {
			isa = PBXContainerItemProxy;
			containerPortal = 04EE68FC2A6BDF520095D50B /* Project object */;
			proxyType = 1;
			remoteGlobalIDString = 04EE69032A6BDF520095D50B;
			remoteInfo = Stack;
		};
/* End PBXContainerItemProxy section */

/* Begin PBXFileReference section */
		04EE69042A6BDF520095D50B /* Stack.app */ = {isa = PBXFileReference; explicitFileType = wrapper.application; includeInIndex = 0; path = Stack.app; sourceTree = BUILT_PRODUCTS_DIR; };
		04EE69072A6BDF520095D50B /* AppDelegate.swift */ = {isa = PBXFileReference; lastKnownFileType = sourcecode.swift; path = AppDelegate.swift; sourceTree = "<group>"; };
		04EE69092A6BDF520095D50B /* SceneDelegate.swift */ = {isa = PBXFileReference; lastKnownFileType = sourcecode.swift; path = SceneDelegate.swift; sourceTree = "<group>"; };
		04EE690B2A6BDF520095D50B /* ViewController.swift */ = {isa = PBXFileReference; lastKnownFileType = sourcecode.swift; path = ViewController.swift; sourceTree = "<group>"; };
		04EE690E2A6BDF520095D50B /* Base */ = {isa = PBXFileReference; lastKnownFileType = file.storyboard; name = Base; path = Base.lproj/Main.storyboard; sourceTree = "<group>"; };
		04EE69102A6BDF550095D50B /* Assets.xcassets */ = {isa = PBXFileReference; lastKnownFileType = folder.assetcatalog; path = Assets.xcassets; sourceTree = "<group>"; };
		04EE69132A6BDF550095D50B /* Base */ = {isa = PBXFileReference; lastKnownFileType = file.storyboard; name = Base; path = Base.lproj/LaunchScreen.storyboard; sourceTree = "<group>"; };
		04EE69152A6BDF550095D50B /* Info.plist */ = {isa = PBXFileReference; lastKnownFileType = text.plist.xml; path = Info.plist; sourceTree = "<group>"; };
		04EE691A2A6BDF550095D50B /* StackTests.xctest */ = {isa = PBXFileReference; explicitFileType = wrapper.cfbundle; includeInIndex = 0; path = StackTests.xctest; sourceTree = BUILT_PRODUCTS_DIR; };
		04EE691E2A6BDF550095D50B /* StackTests.swift */ = {isa = PBXFileReference; lastKnownFileType = sourcecode.swift; path = StackTests.swift; sourceTree = "<group>"; };
		04EE69242A6BDF550095D50B /* StackUITests.xctest */ = {isa = PBXFileReference; explicitFileType = wrapper.cfbundle; includeInIndex = 0; path = StackUITests.xctest; sourceTree = BUILT_PRODUCTS_DIR; };
		04EE69282A6BDF550095D50B /* StackUITests.swift */ = {isa = PBXFileReference; lastKnownFileType = sourcecode.swift; path = StackUITests.swift; sourceTree = "<group>"; };
		04EE692A2A6BDF550095D50B /* StackUITestsLaunchTests.swift */ = {isa = PBXFileReference; lastKnownFileType = sourcecode.swift; path = StackUITestsLaunchTests.swift; sourceTree = "<group>"; };
/* End PBXFileReference section */

/* Begin PBXFrameworksBuildPhase section */
		04EE69012A6BDF520095D50B /* Frameworks */ = {
			isa = PBXFrameworksBuildPhase;
			buildActionMask = 2147483647;
			files = (
			);
			runOnlyForDeploymentPostprocessing = 0;
		};
		04EE69172A6BDF550095D50B /* Frameworks */ = {
			isa = PBXFrameworksBuildPhase;
			buildActionMask = 2147483647;
			files = (
			);
			runOnlyForDeploymentPostprocessing = 0;
		};
		04EE69212A6BDF550095D50B /* Frameworks */ = {
			isa = PBXFrameworksBuildPhase;
			buildActionMask = 2147483647;
			files = (
			);
			runOnlyForDeploymentPostprocessing = 0;
		};
/* End PBXFrameworksBuildPhase section */

/* Begin PBXGroup section */
		04EE68FB2A6BDF520095D50B = {
			isa = PBXGroup;
			children = (
				04EE69062A6BDF520095D50B /* Stack */,
				04EE691D2A6BDF550095D50B /* StackTests */,
				04EE69272A6BDF550095D50B /* StackUITests */,
				04EE69052A6BDF520095D50B /* Products */,
			);
			sourceTree = "<group>";
		};
		04EE69052A6BDF520095D50B /* Products */ = {
			isa = PBXGroup;
			children = (
				04EE69042A6BDF520095D50B /* Stack.app */,
				04EE691A2A6BDF550095D50B /* StackTests.xctest */,
				04EE69242A6BDF550095D50B /* StackUITests.xctest */,
			);
			name = Products;
			sourceTree = "<group>";
		};
		04EE69062A6BDF520095D50B /* Stack */ = {
			isa = PBXGroup;
			children = (
				04EE69072A6BDF520095D50B /* AppDelegate.swift */,
				04EE69092A6BDF520095D50B /* SceneDelegate.swift */,
				04EE690B2A6BDF520095D50B /* ViewController.swift */,
				04EE690D2A6BDF520095D50B /* Main.storyboard */,
				04EE69102A6BDF550095D50B /* Assets.xcassets */,
				04EE69122A6BDF550095D50B /* LaunchScreen.storyboard */,
				04EE69152A6BDF550095D50B /* Info.plist */,
			);
			path = Stack;
			sourceTree = "<group>";
		};
		04EE691D2A6BDF550095D50B /* StackTests */ = {
			isa = PBXGroup;
			children = (
				04EE691E2A6BDF550095D50B /* StackTests.swift */,
			);
			path = StackTests;
			sourceTree = "<group>";
		};
		04EE69272A6BDF550095D50B /* StackUITests */ = {
			isa = PBXGroup;
			children = (
				04EE69282A6BDF550095D50B /* StackUITests.swift */,
				04EE692A2A6BDF550095D50B /* StackUITestsLaunchTests.swift */,
			);
			path = StackUITests;
			sourceTree = "<group>";
		};
/* End PBXGroup section */

/* Begin PBXNativeTarget section */
		04EE69032A6BDF520095D50B /* Stack */ = {
			isa = PBXNativeTarget;
			buildConfigurationList = 04EE692E2A6BDF550095D50B /* Build configuration list for PBXNativeTarget "Stack" */;
			buildPhases = (
				04EE69002A6BDF520095D50B /* Sources */,
				04EE69012A6BDF520095D50B /* Frameworks */,
				04EE69022A6BDF520095D50B /* Resources */,
			);
			buildRules = (
			);
			dependencies = (
			);
			name = Stack;
			productName = Stack;
			productReference = 04EE69042A6BDF520095D50B /* Stack.app */;
			productType = "com.apple.product-type.application";
		};
		04EE69192A6BDF550095D50B /* StackTests */ = {
			isa = PBXNativeTarget;
			buildConfigurationList = 04EE69312A6BDF550095D50B /* Build configuration list for PBXNativeTarget "StackTests" */;
			buildPhases = (
				04EE69162A6BDF550095D50B /* Sources */,
				04EE69172A6BDF550095D50B /* Frameworks */,
				04EE69182A6BDF550095D50B /* Resources */,
			);
			buildRules = (
			);
			dependencies = (
				04EE691C2A6BDF550095D50B /* PBXTargetDependency */,
			);
			name = StackTests;
			productName = StackTests;
			productReference = 04EE691A2A6BDF550095D50B /* StackTests.xctest */;
			productType = "com.apple.product-type.bundle.unit-test";
		};
		04EE69232A6BDF550095D50B /* StackUITests */ = {
			isa = PBXNativeTarget;
			buildConfigurationList = 04EE69342A6BDF550095D50B /* Build configuration list for PBXNativeTarget "StackUITests" */;
			buildPhases = (
				04EE69202A6BDF550095D50B /* Sources */,
				04EE69212A6BDF550095D50B /* Frameworks */,
				04EE69222A6BDF550095D50B /* Resources */,
			);
			buildRules = (
			);
			dependencies = (
				04EE69262A6BDF550095D50B /* PBXTargetDependency */,
			);
			name = StackUITests;
			productName = StackUITests;
			productReference = 04EE69242A6BDF550095D50B /* StackUITests.xctest */;
			productType = "com.apple.product-type.bundle.ui-testing";
		};
/* End PBXNativeTarget section */

/* Begin PBXProject section */
		04EE68FC2A6BDF520095D50B /* Project object */ = {
			isa = PBXProject;
			attributes = {
				BuildIndependentTargetsInParallel = 1;
				LastSwiftUpdateCheck = 1420;
				LastUpgradeCheck = 1420;
				TargetAttributes = {
					04EE69032A6BDF520095D50B = {
						CreatedOnToolsVersion = 14.2;
					};
					04EE69192A6BDF550095D50B = {
						CreatedOnToolsVersion = 14.2;
						TestTargetID = 04EE69032A6BDF520095D50B;
					};
					04EE69232A6BDF550095D50B = {
						CreatedOnToolsVersion = 14.2;
						TestTargetID = 04EE69032A6BDF520095D50B;
					};
				};
			};
			buildConfigurationList = 04EE68FF2A6BDF520095D50B /* Build configuration list for PBXProject "Stack" */;
			compatibilityVersion = "Xcode 14.0";
			developmentRegion = en;
			hasScannedForEncodings = 0;
			knownRegions = (
				en,
				Base,
			);
			mainGroup = 04EE68FB2A6BDF520095D50B;
			productRefGroup = 04EE69052A6BDF520095D50B /* Products */;
			projectDirPath = "";
			projectRoot = "";
			targets = (
				04EE69032A6BDF520095D50B /* Stack */,
				04EE69192A6BDF550095D50B /* StackTests */,
				04EE69232A6BDF550095D50B /* StackUITests */,
			);
		};
/* End PBXProject section */

/* Begin PBXResourcesBuildPhase section */
		04EE69022A6BDF520095D50B /* Resources */ = {
			isa = PBXResourcesBuildPhase;
			buildActionMask = 2147483647;
			files = (
				04EE69142A6BDF550095D50B /* LaunchScreen.storyboard in Resources */,
				04EE69112A6BDF550095D50B /* Assets.xcassets in Resources */,
				04EE690F2A6BDF520095D50B /* Main.storyboard in Resources */,
			);
			runOnlyForDeploymentPostprocessing = 0;
		};
		04EE69182A6BDF550095D50B /* Resources */ = {
			isa = PBXResourcesBuildPhase;
			buildActionMask = 2147483647;
			files = (
			);
			runOnlyForDeploymentPostprocessing = 0;
		};
		04EE69222A6BDF550095D50B /* Resources */ = {
			isa = PBXResourcesBuildPhase;
			buildActionMask = 2147483647;
			files = (
			);
			runOnlyForDeploymentPostprocessing = 0;
		};
/* End PBXResourcesBuildPhase section */

/* Begin PBXSourcesBuildPhase section */
		04EE69002A6BDF520095D50B /* Sources */ = {
			isa = PBXSourcesBuildPhase;
			buildActionMask = 2147483647;
			files = (
				04EE690C2A6BDF520095D50B /* ViewController.swift in Sources */,
				04EE69082A6BDF520095D50B /* AppDelegate.swift in Sources */,
				04EE690A2A6BDF520095D50B /* SceneDelegate.swift in Sources */,
			);
			runOnlyForDeploymentPostprocessing = 0;
		};
		04EE69162A6BDF550095D50B /* Sources */ = {
			isa = PBXSourcesBuildPhase;
			buildActionMask = 2147483647;
			files = (
				04EE691F2A6BDF550095D50B /* StackTests.swift in Sources */,
			);
			runOnlyForDeploymentPostprocessing = 0;
		};
		04EE69202A6BDF550095D50B /* Sources */ = {
			isa = PBXSourcesBuildPhase;
			buildActionMask = 2147483647;
			files = (
				04EE69292A6BDF550095D50B /* StackUITests.swift in Sources */,
				04EE692B2A6BDF550095D50B /* StackUITestsLaunchTests.swift in Sources */,
			);
			runOnlyForDeploymentPostprocessing = 0;
		};
/* End PBXSourcesBuildPhase section */

/* Begin PBXTargetDependency section */
		04EE691C2A6BDF550095D50B /* PBXTargetDependency */ = {
			isa = PBXTargetDependency;
			target = 04EE69032A6BDF520095D50B /* Stack */;
			targetProxy = 04EE691B2A6BDF550095D50B /* PBXContainerItemProxy */;
		};
		04EE69262A6BDF550095D50B /* PBXTargetDependency */ = {
			isa = PBXTargetDependency;
			target = 04EE69032A6BDF520095D50B /* Stack */;
			targetProxy = 04EE69252A6BDF550095D50B /* PBXContainerItemProxy */;
		};
/* End PBXTargetDependency section */

/* Begin PBXVariantGroup section */
		04EE690D2A6BDF520095D50B /* Main.storyboard */ = {
			isa = PBXVariantGroup;
			children = (
				04EE690E2A6BDF520095D50B /* Base */,
			);
			name = Main.storyboard;
			sourceTree = "<group>";
		};
		04EE69122A6BDF550095D50B /* LaunchScreen.storyboard */ = {
			isa = PBXVariantGroup;
			children = (
				04EE69132A6BDF550095D50B /* Base */,
			);
			name = LaunchScreen.storyboard;
			sourceTree = "<group>";
		};
/* End PBXVariantGroup section */

/* Begin XCBuildConfiguration section */
		04EE692C2A6BDF550095D50B /* Debug */ = {
			isa = XCBuildConfiguration;
			buildSettings = {
				ALWAYS_SEARCH_USER_PATHS = NO;
				CLANG_ANALYZER_NONNULL = YES;
				CLANG_ANALYZER_NUMBER_OBJECT_CONVERSION = YES_AGGRESSIVE;
				CLANG_CXX_LANGUAGE_STANDARD = "gnu++20";
				CLANG_ENABLE_MODULES = YES;
				CLANG_ENABLE_OBJC_ARC = YES;
				CLANG_ENABLE_OBJC_WEAK = YES;
				CLANG_WARN_BLOCK_CAPTURE_AUTORELEASING = YES;
				CLANG_WARN_BOOL_CONVERSION = YES;
				CLANG_WARN_COMMA = YES;
				CLANG_WARN_CONSTANT_CONVERSION = YES;
				CLANG_WARN_DEPRECATED_OBJC_IMPLEMENTATIONS = YES;
				CLANG_WARN_DIRECT_OBJC_ISA_USAGE = YES_ERROR;
				CLANG_WARN_DOCUMENTATION_COMMENTS = YES;
				CLANG_WARN_EMPTY_BODY = YES;
				CLANG_WARN_ENUM_CONVERSION = YES;
				CLANG_WARN_INFINITE_RECURSION = YES;
				CLANG_WARN_INT_CONVERSION = YES;
				CLANG_WARN_NON_LITERAL_NULL_CONVERSION = YES;
				CLANG_WARN_OBJC_IMPLICIT_RETAIN_SELF = YES;
				CLANG_WARN_OBJC_LITERAL_CONVERSION = YES;
				CLANG_WARN_OBJC_ROOT_CLASS = YES_ERROR;
				CLANG_WARN_QUOTED_INCLUDE_IN_FRAMEWORK_HEADER = YES;
				CLANG_WARN_RANGE_LOOP_ANALYSIS = YES;
				CLANG_WARN_STRICT_PROTOTYPES = YES;
				CLANG_WARN_SUSPICIOUS_MOVE = YES;
				CLANG_WARN_UNGUARDED_AVAILABILITY = YES_AGGRESSIVE;
				CLANG_WARN_UNREACHABLE_CODE = YES;
				CLANG_WARN__DUPLICATE_METHOD_MATCH = YES;
				COPY_PHASE_STRIP = NO;
				DEBUG_INFORMATION_FORMAT = dwarf;
				ENABLE_STRICT_OBJC_MSGSEND = YES;
				ENABLE_TESTABILITY = YES;
				GCC_C_LANGUAGE_STANDARD = gnu11;
				GCC_DYNAMIC_NO_PIC = NO;
				GCC_NO_COMMON_BLOCKS = YES;
				GCC_OPTIMIZATION_LEVEL = 0;
				GCC_PREPROCESSOR_DEFINITIONS = (
					"DEBUG=1",
					"$(inherited)",
				);
				GCC_WARN_64_TO_32_BIT_CONVERSION = YES;
				GCC_WARN_ABOUT_RETURN_TYPE = YES_ERROR;
				GCC_WARN_UNDECLARED_SELECTOR = YES;
				GCC_WARN_UNINITIALIZED_AUTOS = YES_AGGRESSIVE;
				GCC_WARN_UNUSED_FUNCTION = YES;
				GCC_WARN_UNUSED_VARIABLE = YES;
				IPHONEOS_DEPLOYMENT_TARGET = 16.2;
				MTL_ENABLE_DEBUG_INFO = INCLUDE_SOURCE;
				MTL_FAST_MATH = YES;
				ONLY_ACTIVE_ARCH = YES;
				SDKROOT = iphoneos;
				SWIFT_ACTIVE_COMPILATION_CONDITIONS = DEBUG;
				SWIFT_OPTIMIZATION_LEVEL = "-Onone";
			};
			name = Debug;
		};
		04EE692D2A6BDF550095D50B /* Release */ = {
			isa = XCBuildConfiguration;
			buildSettings = {
				ALWAYS_SEARCH_USER_PATHS = NO;
				CLANG_ANALYZER_NONNULL = YES;
				CLANG_ANALYZER_NUMBER_OBJECT_CONVERSION = YES_AGGRESSIVE;
				CLANG_CXX_LANGUAGE_STANDARD = "gnu++20";
				CLANG_ENABLE_MODULES = YES;
				CLANG_ENABLE_OBJC_ARC = YES;
				CLANG_ENABLE_OBJC_WEAK = YES;
				CLANG_WARN_BLOCK_CAPTURE_AUTORELEASING = YES;
				CLANG_WARN_BOOL_CONVERSION = YES;
				CLANG_WARN_COMMA = YES;
				CLANG_WARN_CONSTANT_CONVERSION = YES;
				CLANG_WARN_DEPRECATED_OBJC_IMPLEMENTATIONS = YES;
				CLANG_WARN_DIRECT_OBJC_ISA_USAGE = YES_ERROR;
				CLANG_WARN_DOCUMENTATION_COMMENTS = YES;
				CLANG_WARN_EMPTY_BODY = YES;
				CLANG_WARN_ENUM_CONVERSION = YES;
				CLANG_WARN_INFINITE_RECURSION = YES;
				CLANG_WARN_INT_CONVERSION = YES;
				CLANG_WARN_NON_LITERAL_NULL_CONVERSION = YES;
				CLANG_WARN_OBJC_IMPLICIT_RETAIN_SELF = YES;
				CLANG_WARN_OBJC_LITERAL_CONVERSION = YES;
				CLANG_WARN_OBJC_ROOT_CLASS = YES_ERROR;
				CLANG_WARN_QUOTED_INCLUDE_IN_FRAMEWORK_HEADER = YES;
				CLANG_WARN_RANGE_LOOP_ANALYSIS = YES;
				CLANG_WARN_STRICT_PROTOTYPES = YES;
				CLANG_WARN_SUSPICIOUS_MOVE = YES;
				CLANG_WARN_UNGUARDED_AVAILABILITY = YES_AGGRESSIVE;
				CLANG_WARN_UNREACHABLE_CODE = YES;
				CLANG_WARN__DUPLICATE_METHOD_MATCH = YES;
				COPY_PHASE_STRIP = NO;
				DEBUG_INFORMATION_FORMAT = "dwarf-with-dsym";
				ENABLE_NS_ASSERTIONS = NO;
				ENABLE_STRICT_OBJC_MSGSEND = YES;
				GCC_C_LANGUAGE_STANDARD = gnu11;
				GCC_NO_COMMON_BLOCKS = YES;
				GCC_WARN_64_TO_32_BIT_CONVERSION = YES;
				GCC_WARN_ABOUT_RETURN_TYPE = YES_ERROR;
				GCC_WARN_UNDECLARED_SELECTOR = YES;
				GCC_WARN_UNINITIALIZED_AUTOS = YES_AGGRESSIVE;
				GCC_WARN_UNUSED_FUNCTION = YES;
				GCC_WARN_UNUSED_VARIABLE = YES;
				IPHONEOS_DEPLOYMENT_TARGET = 16.2;
				MTL_ENABLE_DEBUG_INFO = NO;
				MTL_FAST_MATH = YES;
				SDKROOT = iphoneos;
				SWIFT_COMPILATION_MODE = wholemodule;
				SWIFT_OPTIMIZATION_LEVEL = "-O";
				VALIDATE_PRODUCT = YES;
			};
			name = Release;
		};
		04EE692F2A6BDF550095D50B /* Debug */ = {
			isa = XCBuildConfiguration;
			buildSettings = {
				ASSETCATALOG_COMPILER_APPICON_NAME = AppIcon;
				ASSETCATALOG_COMPILER_GLOBAL_ACCENT_COLOR_NAME = AccentColor;
				CODE_SIGN_STYLE = Automatic;
				CURRENT_PROJECT_VERSION = 1;
				GENERATE_INFOPLIST_FILE = YES;
				INFOPLIST_FILE = Stack/Info.plist;
				INFOPLIST_KEY_UIApplicationSupportsIndirectInputEvents = YES;
				INFOPLIST_KEY_UILaunchStoryboardName = LaunchScreen;
				INFOPLIST_KEY_UIMainStoryboardFile = Main;
				INFOPLIST_KEY_UISupportedInterfaceOrientations_iPad = "UIInterfaceOrientationPortrait UIInterfaceOrientationPortraitUpsideDown UIInterfaceOrientationLandscapeLeft UIInterfaceOrientationLandscapeRight";
				INFOPLIST_KEY_UISupportedInterfaceOrientations_iPhone = "UIInterfaceOrientationPortrait UIInterfaceOrientationLandscapeLeft UIInterfaceOrientationLandscapeRight";
				LD_RUNPATH_SEARCH_PATHS = (
					"$(inherited)",
					"@executable_path/Frameworks",
				);
				MARKETING_VERSION = 1.0;
				PRODUCT_BUNDLE_IDENTIFIER = com.stack.Stack;
				PRODUCT_NAME = "$(TARGET_NAME)";
				SWIFT_EMIT_LOC_STRINGS = YES;
				SWIFT_VERSION = 5.0;
				TARGETED_DEVICE_FAMILY = "1,2";
			};
			name = Debug;
		};
		04EE69302A6BDF550095D50B /* Release */ = {
			isa = XCBuildConfiguration;
			buildSettings = {
				ASSETCATALOG_COMPILER_APPICON_NAME = AppIcon;
				ASSETCATALOG_COMPILER_GLOBAL_ACCENT_COLOR_NAME = AccentColor;
				CODE_SIGN_STYLE = Automatic;
				CURRENT_PROJECT_VERSION = 1;
				GENERATE_INFOPLIST_FILE = YES;
				INFOPLIST_FILE = Stack/Info.plist;
				INFOPLIST_KEY_UIApplicationSupportsIndirectInputEvents = YES;
				INFOPLIST_KEY_UILaunchStoryboardName = LaunchScreen;
				INFOPLIST_KEY_UIMainStoryboardFile = Main;
				INFOPLIST_KEY_UISupportedInterfaceOrientations_iPad = "UIInterfaceOrientationPortrait UIInterfaceOrientationPortraitUpsideDown UIInterfaceOrientationLandscapeLeft UIInterfaceOrientationLandscapeRight";
				INFOPLIST_KEY_UISupportedInterfaceOrientations_iPhone = "UIInterfaceOrientationPortrait UIInterfaceOrientationLandscapeLeft UIInterfaceOrientationLandscapeRight";
				LD_RUNPATH_SEARCH_PATHS = (
					"$(inherited)",
					"@executable_path/Frameworks",
				);
				MARKETING_VERSION = 1.0;
				PRODUCT_BUNDLE_IDENTIFIER = com.stack.Stack;
				PRODUCT_NAME = "$(TARGET_NAME)";
				SWIFT_EMIT_LOC_STRINGS = YES;
				SWIFT_VERSION = 5.0;
				TARGETED_DEVICE_FAMILY = "1,2";
			};
			name = Release;
		};
		04EE69322A6BDF550095D50B /* Debug */ = {
			isa = XCBuildConfiguration;
			buildSettings = {
				ALWAYS_EMBED_SWIFT_STANDARD_LIBRARIES = YES;
				BUNDLE_LOADER = "$(TEST_HOST)";
				CODE_SIGN_STYLE = Automatic;
				CURRENT_PROJECT_VERSION = 1;
				GENERATE_INFOPLIST_FILE = YES;
				IPHONEOS_DEPLOYMENT_TARGET = 16.2;
				MARKETING_VERSION = 1.0;
				PRODUCT_BUNDLE_IDENTIFIER = com.stack.StackTests;
				PRODUCT_NAME = "$(TARGET_NAME)";
				SWIFT_EMIT_LOC_STRINGS = NO;
				SWIFT_VERSION = 5.0;
				TARGETED_DEVICE_FAMILY = "1,2";
				TEST_HOST = "$(BUILT_PRODUCTS_DIR)/Stack.app/$(BUNDLE_EXECUTABLE_FOLDER_PATH)/Stack";
			};
			name = Debug;
		};
		04EE69332A6BDF550095D50B /* Release */ = {
			isa = XCBuildConfiguration;
			buildSettings = {
				ALWAYS_EMBED_SWIFT_STANDARD_LIBRARIES = YES;
				BUNDLE_LOADER = "$(TEST_HOST)";
				CODE_SIGN_STYLE = Automatic;
				CURRENT_PROJECT_VERSION = 1;
				GENERATE_INFOPLIST_FILE = YES;
				IPHONEOS_DEPLOYMENT_TARGET = 16.2;
				MARKETING_VERSION = 1.0;
				PRODUCT_BUNDLE_IDENTIFIER = com.stack.StackTests;
				PRODUCT_NAME = "$(TARGET_NAME)";
				SWIFT_EMIT_LOC_STRINGS = NO;
				SWIFT_VERSION = 5.0;
				TARGETED_DEVICE_FAMILY = "1,2";
				TEST_HOST = "$(BUILT_PRODUCTS_DIR)/Stack.app/$(BUNDLE_EXECUTABLE_FOLDER_PATH)/Stack";
			};
			name = Release;
		};
		04EE69352A6BDF550095D50B /* Debug */ = {
			isa = XCBuildConfiguration;
			buildSettings = {
				ALWAYS_EMBED_SWIFT_STANDARD_LIBRARIES = YES;
				CODE_SIGN_STYLE = Automatic;
				CURRENT_PROJECT_VERSION = 1;
				GENERATE_INFOPLIST_FILE = YES;
				MARKETING_VERSION = 1.0;
				PRODUCT_BUNDLE_IDENTIFIER = com.stack.StackUITests;
				PRODUCT_NAME = "$(TARGET_NAME)";
				SWIFT_EMIT_LOC_STRINGS = NO;
				SWIFT_VERSION = 5.0;
				TARGETED_DEVICE_FAMILY = "1,2";
				TEST_TARGET_NAME = Stack;
			};
			name = Debug;
		};
		04EE69362A6BDF550095D50B /* Release */ = {
			isa = XCBuildConfiguration;
			buildSettings = {
				ALWAYS_EMBED_SWIFT_STANDARD_LIBRARIES = YES;
				CODE_SIGN_STYLE = Automatic;
				CURRENT_PROJECT_VERSION = 1;
				GENERATE_INFOPLIST_FILE = YES;
				MARKETING_VERSION = 1.0;
				PRODUCT_BUNDLE_IDENTIFIER = com.stack.StackUITests;
				PRODUCT_NAME = "$(TARGET_NAME)";
				SWIFT_EMIT_LOC_STRINGS = NO;
				SWIFT_VERSION = 5.0;
				TARGETED_DEVICE_FAMILY = "1,2";
				TEST_TARGET_NAME = Stack;
			};
			name = Release;
		};
/* End XCBuildConfiguration section */

/* Begin XCConfigurationList section */
		04EE68FF2A6BDF520095D50B /* Build configuration list for PBXProject "Stack" */ = {
			isa = XCConfigurationList;
			buildConfigurations = (
				04EE692C2A6BDF550095D50B /* Debug */,
				04EE692D2A6BDF550095D50B /* Release */,
			);
			defaultConfigurationIsVisible = 0;
			defaultConfigurationName = Release;
		};
		04EE692E2A6BDF550095D50B /* Build configuration list for PBXNativeTarget "Stack" */ = {
			isa = XCConfigurationList;
			buildConfigurations = (
				04EE692F2A6BDF550095D50B /* Debug */,
				04EE69302A6BDF550095D50B /* Release */,
			);
			defaultConfigurationIsVisible = 0;
			defaultConfigurationName = Release;
		};
		04EE69312A6BDF550095D50B /* Build configuration list for PBXNativeTarget "StackTests" */ = {
			isa = XCConfigurationList;
			buildConfigurations = (
				04EE69322A6BDF550095D50B /* Debug */,
				04EE69332A6BDF550095D50B /* Release */,
			);
			defaultConfigurationIsVisible = 0;
			defaultConfigurationName = Release;
		};
		04EE69342A6BDF550095D50B /* Build configuration list for PBXNativeTarget "StackUITests" */ = {
			isa = XCConfigurationList;
			buildConfigurations = (
				04EE69352A6BDF550095D50B /* Debug */,
				04EE69362A6BDF550095D50B /* Release */,
			);
			defaultConfigurationIsVisible = 0;
			defaultConfigurationName = Release;
		};
/* End XCConfigurationList section */
	};
	rootObject = 04EE68FC2A6BDF520095D50B /* Project object */;
}
